
Microsoft Visual Studio Solution File, Format Version 12.00
# Visual Studio Version 17
VisualStudioVersion = 17.0.31912.275
MinimumVisualStudioVersion = 10.0.40219.1
Project("{FAE04EC0-301F-11D3-BF4B-00C04F79EFBC}") = "RentalProject", "RentalProject\RentalProject.csproj", "{01746367-F713-4F4B-AA40-BEC4B8DB3F84}"
EndProject
Global
	GlobalSection(SolutionConfigurationPlatforms) = preSolution
		Debug|Any CPU = Debug|Any CPU
		Release|Any CPU = Release|Any CPU
	EndGlobalSection
	GlobalSection(ProjectConfigurationPlatforms) = postSolution
		{01746367-F713-4F4B-AA40-BEC4B8DB3F84}.Debug|Any CPU.ActiveCfg = Debug|Any CPU
		{01746367-F713-4F4B-AA40-BEC4B8DB3F84}.Debug|Any CPU.Build.0 = Debug|Any CPU
		{01746367-F713-4F4B-AA40-BEC4B8DB3F84}.Release|Any CPU.ActiveCfg = Release|Any CPU
		{01746367-F713-4F4B-AA40-BEC4B8DB3F84}.Release|Any CPU.Build.0 = Release|Any CPU
	EndGlobalSection
	GlobalSection(SolutionProperties) = preSolution
		HideSolutionNode = FALSE
	EndGlobalSection
	GlobalSection(ExtensibilityGlobals) = postSolution
		SolutionGuid = {8D78FD05-3BBA-4336-9EEF-1FF20D03F21B}
	EndGlobalSection
EndGlobal
